// !$*UTF8*$!
{
	archiveVersion = 1;
	classes = {
	};
	objectVersion = 56;
	objects = {

/* Begin PBXBuildFile section */
		112BD7782A8CFA4800394CF6 /* AVAudioEngineClient in Frameworks */ = {isa = PBXBuildFile; productRef = 112BD7772A8CFA4800394CF6 /* AVAudioEngineClient */; };
		112BD77A2A8CFA4800394CF6 /* AVSpeechSynthesizerClient in Frameworks */ = {isa = PBXBuildFile; productRef = 112BD7792A8CFA4800394CF6 /* AVSpeechSynthesizerClient */; };
		112BD77C2A8CFA4800394CF6 /* AppFeature in Frameworks */ = {isa = PBXBuildFile; productRef = 112BD77B2A8CFA4800394CF6 /* AppFeature */; };
		112BD77E2A8CFA4800394CF6 /* DesignSystem in Frameworks */ = {isa = PBXBuildFile; productRef = 112BD77D2A8CFA4800394CF6 /* DesignSystem */; };
		112BD7802A8CFA4800394CF6 /* GroceryStoresClient in Frameworks */ = {isa = PBXBuildFile; productRef = 112BD77F2A8CFA4800394CF6 /* GroceryStoresClient */; };
		1155E7732A76B2E6006F842C /* SpeakListApp.swift in Sources */ = {isa = PBXBuildFile; fileRef = 1155E7722A76B2E6006F842C /* SpeakListApp.swift */; };
		1155E7772A76B2E8006F842C /* Assets.xcassets in Resources */ = {isa = PBXBuildFile; fileRef = 1155E7762A76B2E8006F842C /* Assets.xcassets */; };
		1155E77A2A76B2E8006F842C /* Preview Assets.xcassets in Resources */ = {isa = PBXBuildFile; fileRef = 1155E7792A76B2E8006F842C /* Preview Assets.xcassets */; };
		11BD16492ADEB9C9001F29C3 /* NavigationExampleSnapshotTests.swift in Sources */ = {isa = PBXBuildFile; fileRef = 11BD16482ADEB9C9001F29C3 /* NavigationExampleSnapshotTests.swift */; };
		11C223942AC249D8006D18F4 /* UIDevice+ModelName.swift in Sources */ = {isa = PBXBuildFile; fileRef = 11C223612AC249D8006D18F4 /* UIDevice+ModelName.swift */; };
		11C223952AC249D8006D18F4 /* PlanFeatureSnapshotTests.swift in Sources */ = {isa = PBXBuildFile; fileRef = 11C223932AC249D8006D18F4 /* PlanFeatureSnapshotTests.swift */; };
		11C223962AC249D8006D18F4 /* AppFeatureSnapshotTests.swift in Sources */ = {isa = PBXBuildFile; fileRef = 11C223922AC249D8006D18F4 /* AppFeatureSnapshotTests.swift */; };
		11C223972AC249D8006D18F4 /* DesignSystemTests.swift in Sources */ = {isa = PBXBuildFile; fileRef = 11C223602AC249D8006D18F4 /* DesignSystemTests.swift */; };
		11C223982AC249D8006D18F4 /* XCTest+AssertStandardSnapshots.swift in Sources */ = {isa = PBXBuildFile; fileRef = 11C2235F2AC249D8006D18F4 /* XCTest+AssertStandardSnapshots.swift */; };
		11C223A42AC24A76006D18F4 /* SnapshotTesting in Frameworks */ = {isa = PBXBuildFile; productRef = 11C223A32AC24A76006D18F4 /* SnapshotTesting */; };
		11C223C42AC27249006D18F4 /* SnapshotTesting+ImpreciseAccessibility.swift in Sources */ = {isa = PBXBuildFile; fileRef = 11C223C32AC27249006D18F4 /* SnapshotTesting+ImpreciseAccessibility.swift */; };
		11E4F0B02B1A0E0A0051D943 /* AccessibilitySnapshot in Frameworks */ = {isa = PBXBuildFile; productRef = 11E4F0AF2B1A0E0A0051D943 /* AccessibilitySnapshot */; };
		11E4F0B22B1A0E0A0051D943 /* AccessibilitySnapshotCore in Frameworks */ = {isa = PBXBuildFile; productRef = 11E4F0B12B1A0E0A0051D943 /* AccessibilitySnapshotCore */; };
		11E4F0C42B1B98790051D943 /* SnapshotTesting in Frameworks */ = {isa = PBXBuildFile; productRef = 11E4F0C32B1B98790051D943 /* SnapshotTesting */; };
		11E4F0C62B1B98790051D943 /* AccessibilitySnapshot in Frameworks */ = {isa = PBXBuildFile; productRef = 11E4F0C52B1B98790051D943 /* AccessibilitySnapshot */; };
		11E4F0C82B1B98790051D943 /* AccessibilitySnapshotCore in Frameworks */ = {isa = PBXBuildFile; productRef = 11E4F0C72B1B98790051D943 /* AccessibilitySnapshotCore */; };
		11E4F0C92B1B98890051D943 /* XCTest+AssertStandardSnapshots.swift in Sources */ = {isa = PBXBuildFile; fileRef = 11C2235F2AC249D8006D18F4 /* XCTest+AssertStandardSnapshots.swift */; };
		11E4F0CA2B1B98CD0051D943 /* UIDevice+ModelName.swift in Sources */ = {isa = PBXBuildFile; fileRef = 11C223612AC249D8006D18F4 /* UIDevice+ModelName.swift */; };
		11E4F0CB2B1B98E70051D943 /* SnapshotTesting+ImpreciseAccessibility.swift in Sources */ = {isa = PBXBuildFile; fileRef = 11C223C32AC27249006D18F4 /* SnapshotTesting+ImpreciseAccessibility.swift */; };
		11E4F0CC2B1BA0600051D943 /* FlowSnapshotTests.swift in Sources */ = {isa = PBXBuildFile; fileRef = 11BD164C2AE42AC4001F29C3 /* FlowSnapshotTests.swift */; };
		11E4F0CD2B1BA0640051D943 /* FlowRunner.swift in Sources */ = {isa = PBXBuildFile; fileRef = 11BD164A2AE4253D001F29C3 /* FlowRunner.swift */; };
/* End PBXBuildFile section */

/* Begin PBXContainerItemProxy section */
		11C2235A2AC2496B006D18F4 /* PBXContainerItemProxy */ = {
			isa = PBXContainerItemProxy;
			containerPortal = 1155E7672A76B2E6006F842C /* Project object */;
			proxyType = 1;
			remoteGlobalIDString = 1155E76E2A76B2E6006F842C;
			remoteInfo = SpeakList;
		};
		11E4F0BE2B1B98570051D943 /* PBXContainerItemProxy */ = {
			isa = PBXContainerItemProxy;
			containerPortal = 1155E7672A76B2E6006F842C /* Project object */;
			proxyType = 1;
			remoteGlobalIDString = 1155E76E2A76B2E6006F842C;
			remoteInfo = SpeakList;
		};
/* End PBXContainerItemProxy section */

/* Begin PBXFileReference section */
		112BD7832A8CFC3D00394CF6 /* SpeakList */ = {isa = PBXFileReference; lastKnownFileType = wrapper; name = SpeakList; path = ../..; sourceTree = "<group>"; };
		112BD7842A905CB700394CF6 /* AllTests.xctestplan */ = {isa = PBXFileReference; lastKnownFileType = text; path = AllTests.xctestplan; sourceTree = "<group>"; };
		1155E76F2A76B2E6006F842C /* SpeakList.app */ = {isa = PBXFileReference; explicitFileType = wrapper.application; includeInIndex = 0; path = SpeakList.app; sourceTree = BUILT_PRODUCTS_DIR; };
		1155E7722A76B2E6006F842C /* SpeakListApp.swift */ = {isa = PBXFileReference; lastKnownFileType = sourcecode.swift; path = SpeakListApp.swift; sourceTree = "<group>"; };
		1155E7762A76B2E8006F842C /* Assets.xcassets */ = {isa = PBXFileReference; lastKnownFileType = folder.assetcatalog; path = Assets.xcassets; sourceTree = "<group>"; };
		1155E7792A76B2E8006F842C /* Preview Assets.xcassets */ = {isa = PBXFileReference; lastKnownFileType = folder.assetcatalog; path = "Preview Assets.xcassets"; sourceTree = "<group>"; };
		11609C8D2A80858A0052D80C /* Info.plist */ = {isa = PBXFileReference; lastKnownFileType = text.plist; path = Info.plist; sourceTree = "<group>"; };
		1178759D2AB766820097FDF6 /* SnapshotTests.xctestplan */ = {isa = PBXFileReference; lastKnownFileType = text; path = SnapshotTests.xctestplan; sourceTree = "<group>"; };
		11BD16482ADEB9C9001F29C3 /* NavigationExampleSnapshotTests.swift */ = {isa = PBXFileReference; lastKnownFileType = sourcecode.swift; path = NavigationExampleSnapshotTests.swift; sourceTree = "<group>"; };
		11BD164A2AE4253D001F29C3 /* FlowRunner.swift */ = {isa = PBXFileReference; lastKnownFileType = sourcecode.swift; path = FlowRunner.swift; sourceTree = "<group>"; };
		11BD164C2AE42AC4001F29C3 /* FlowSnapshotTests.swift */ = {isa = PBXFileReference; lastKnownFileType = sourcecode.swift; path = FlowSnapshotTests.swift; sourceTree = "<group>"; };
		11C223562AC2496B006D18F4 /* SnapshotTests.xctest */ = {isa = PBXFileReference; explicitFileType = wrapper.cfbundle; includeInIndex = 0; path = SnapshotTests.xctest; sourceTree = BUILT_PRODUCTS_DIR; };
		11C2235F2AC249D8006D18F4 /* XCTest+AssertStandardSnapshots.swift */ = {isa = PBXFileReference; lastKnownFileType = sourcecode.swift; path = "XCTest+AssertStandardSnapshots.swift"; sourceTree = "<group>"; };
		11C223602AC249D8006D18F4 /* DesignSystemTests.swift */ = {isa = PBXFileReference; lastKnownFileType = sourcecode.swift; path = DesignSystemTests.swift; sourceTree = "<group>"; };
		11C223612AC249D8006D18F4 /* UIDevice+ModelName.swift */ = {isa = PBXFileReference; lastKnownFileType = sourcecode.swift; path = "UIDevice+ModelName.swift"; sourceTree = "<group>"; };
		11C223922AC249D8006D18F4 /* AppFeatureSnapshotTests.swift */ = {isa = PBXFileReference; lastKnownFileType = sourcecode.swift; path = AppFeatureSnapshotTests.swift; sourceTree = "<group>"; };
		11C223932AC249D8006D18F4 /* PlanFeatureSnapshotTests.swift */ = {isa = PBXFileReference; lastKnownFileType = sourcecode.swift; path = PlanFeatureSnapshotTests.swift; sourceTree = "<group>"; };
		11C223C32AC27249006D18F4 /* SnapshotTesting+ImpreciseAccessibility.swift */ = {isa = PBXFileReference; lastKnownFileType = sourcecode.swift; path = "SnapshotTesting+ImpreciseAccessibility.swift"; sourceTree = "<group>"; };
		11C3B1642B12E782004A7E32 /* ci_pre_xcodebuild.sh */ = {isa = PBXFileReference; lastKnownFileType = text.script.sh; path = ci_pre_xcodebuild.sh; sourceTree = "<group>"; };
		11E4F0B52B1B98420051D943 /* FlowSnapshotTests.xctestplan */ = {isa = PBXFileReference; lastKnownFileType = text; path = FlowSnapshotTests.xctestplan; sourceTree = "<group>"; };
		11E4F0BA2B1B98570051D943 /* FlowSnapshotTests.xctest */ = {isa = PBXFileReference; explicitFileType = wrapper.cfbundle; includeInIndex = 0; path = FlowSnapshotTests.xctest; sourceTree = BUILT_PRODUCTS_DIR; };
/* End PBXFileReference section */

/* Begin PBXFrameworksBuildPhase section */
		1155E76C2A76B2E6006F842C /* Frameworks */ = {
			isa = PBXFrameworksBuildPhase;
			buildActionMask = 2147483647;
			files = (
				112BD7782A8CFA4800394CF6 /* AVAudioEngineClient in Frameworks */,
				112BD77C2A8CFA4800394CF6 /* AppFeature in Frameworks */,
				112BD7802A8CFA4800394CF6 /* GroceryStoresClient in Frameworks */,
				112BD77A2A8CFA4800394CF6 /* AVSpeechSynthesizerClient in Frameworks */,
				112BD77E2A8CFA4800394CF6 /* DesignSystem in Frameworks */,
			);
			runOnlyForDeploymentPostprocessing = 0;
		};
		11C223532AC2496B006D18F4 /* Frameworks */ = {
			isa = PBXFrameworksBuildPhase;
			buildActionMask = 2147483647;
			files = (
				11E4F0B22B1A0E0A0051D943 /* AccessibilitySnapshotCore in Frameworks */,
				11C223A42AC24A76006D18F4 /* SnapshotTesting in Frameworks */,
				11E4F0B02B1A0E0A0051D943 /* AccessibilitySnapshot in Frameworks */,
			);
			runOnlyForDeploymentPostprocessing = 0;
		};
		11E4F0B72B1B98570051D943 /* Frameworks */ = {
			isa = PBXFrameworksBuildPhase;
			buildActionMask = 2147483647;
			files = (
				11E4F0C82B1B98790051D943 /* AccessibilitySnapshotCore in Frameworks */,
				11E4F0C42B1B98790051D943 /* SnapshotTesting in Frameworks */,
				11E4F0C62B1B98790051D943 /* AccessibilitySnapshot in Frameworks */,
			);
			runOnlyForDeploymentPostprocessing = 0;
		};
/* End PBXFrameworksBuildPhase section */

/* Begin PBXGroup section */
		1155E7662A76B2E6006F842C = {
			isa = PBXGroup;
			children = (
				11A6A45F2A90F82F00B3D5D2 /* ci_scripts */,
				1155E7712A76B2E6006F842C /* SpeakList */,
				11C223572AC2496B006D18F4 /* SnapshotTests */,
				11E4F0BB2B1B98570051D943 /* FlowSnapshotTests */,
				1155E7702A76B2E6006F842C /* Products */,
				11C223992AC24A22006D18F4 /* Frameworks */,
			);
			sourceTree = "<group>";
			usesTabs = 1;
		};
		1155E7702A76B2E6006F842C /* Products */ = {
			isa = PBXGroup;
			children = (
				1155E76F2A76B2E6006F842C /* SpeakList.app */,
				11C223562AC2496B006D18F4 /* SnapshotTests.xctest */,
				11E4F0BA2B1B98570051D943 /* FlowSnapshotTests.xctest */,
			);
			name = Products;
			sourceTree = "<group>";
		};
		1155E7712A76B2E6006F842C /* SpeakList */ = {
			isa = PBXGroup;
			children = (
				11609C8D2A80858A0052D80C /* Info.plist */,
				1155E7722A76B2E6006F842C /* SpeakListApp.swift */,
				112BD7832A8CFC3D00394CF6 /* SpeakList */,
				1155E7762A76B2E8006F842C /* Assets.xcassets */,
				1155E7782A76B2E8006F842C /* Preview Content */,
				112BD7842A905CB700394CF6 /* AllTests.xctestplan */,
				1178759D2AB766820097FDF6 /* SnapshotTests.xctestplan */,
				11E4F0B52B1B98420051D943 /* FlowSnapshotTests.xctestplan */,
			);
			path = SpeakList;
			sourceTree = "<group>";
		};
		1155E7782A76B2E8006F842C /* Preview Content */ = {
			isa = PBXGroup;
			children = (
				1155E7792A76B2E8006F842C /* Preview Assets.xcassets */,
			);
			path = "Preview Content";
			sourceTree = "<group>";
		};
		11A6A45F2A90F82F00B3D5D2 /* ci_scripts */ = {
			isa = PBXGroup;
			children = (
				11C3B1642B12E782004A7E32 /* ci_pre_xcodebuild.sh */,
			);
			path = ci_scripts;
			sourceTree = "<group>";
		};
		11C223572AC2496B006D18F4 /* SnapshotTests */ = {
			isa = PBXGroup;
			children = (
				11C223922AC249D8006D18F4 /* AppFeatureSnapshotTests.swift */,
				11C223602AC249D8006D18F4 /* DesignSystemTests.swift */,
				11C223932AC249D8006D18F4 /* PlanFeatureSnapshotTests.swift */,
				11BD16482ADEB9C9001F29C3 /* NavigationExampleSnapshotTests.swift */,
				11C223612AC249D8006D18F4 /* UIDevice+ModelName.swift */,
				11C2235F2AC249D8006D18F4 /* XCTest+AssertStandardSnapshots.swift */,
				11C223C32AC27249006D18F4 /* SnapshotTesting+ImpreciseAccessibility.swift */,
			);
			path = SnapshotTests;
			sourceTree = "<group>";
		};
		11C223992AC24A22006D18F4 /* Frameworks */ = {
			isa = PBXGroup;
			children = (
			);
			name = Frameworks;
			sourceTree = "<group>";
		};
		11E4F0BB2B1B98570051D943 /* FlowSnapshotTests */ = {
			isa = PBXGroup;
			children = (
				11BD164A2AE4253D001F29C3 /* FlowRunner.swift */,
				11BD164C2AE42AC4001F29C3 /* FlowSnapshotTests.swift */,
			);
			path = FlowSnapshotTests;
			sourceTree = "<group>";
		};
/* End PBXGroup section */

/* Begin PBXNativeTarget section */
		1155E76E2A76B2E6006F842C /* SpeakList */ = {
			isa = PBXNativeTarget;
			buildConfigurationList = 1155E77D2A76B2E8006F842C /* Build configuration list for PBXNativeTarget "SpeakList" */;
			buildPhases = (
				1194E44B2B3F27F7003FCED4 /* Run Script - Swift Format */,
				1155E76B2A76B2E6006F842C /* Sources */,
				1155E76C2A76B2E6006F842C /* Frameworks */,
				1155E76D2A76B2E6006F842C /* Resources */,
			);
			buildRules = (
			);
			dependencies = (
			);
			name = SpeakList;
			packageProductDependencies = (
				112BD7772A8CFA4800394CF6 /* AVAudioEngineClient */,
				112BD7792A8CFA4800394CF6 /* AVSpeechSynthesizerClient */,
				112BD77B2A8CFA4800394CF6 /* AppFeature */,
				112BD77D2A8CFA4800394CF6 /* DesignSystem */,
				112BD77F2A8CFA4800394CF6 /* GroceryStoresClient */,
			);
			productName = SpeakList;
			productReference = 1155E76F2A76B2E6006F842C /* SpeakList.app */;
			productType = "com.apple.product-type.application";
		};
		11C223552AC2496B006D18F4 /* SnapshotTests */ = {
			isa = PBXNativeTarget;
			buildConfigurationList = 11C2235C2AC2496B006D18F4 /* Build configuration list for PBXNativeTarget "SnapshotTests" */;
			buildPhases = (
				11C223522AC2496B006D18F4 /* Sources */,
				11C223532AC2496B006D18F4 /* Frameworks */,
				11C223542AC2496B006D18F4 /* Resources */,
			);
			buildRules = (
			);
			dependencies = (
				11C2235B2AC2496B006D18F4 /* PBXTargetDependency */,
			);
			name = SnapshotTests;
			packageProductDependencies = (
				11C223A32AC24A76006D18F4 /* SnapshotTesting */,
				11E4F0AF2B1A0E0A0051D943 /* AccessibilitySnapshot */,
				11E4F0B12B1A0E0A0051D943 /* AccessibilitySnapshotCore */,
			);
			productName = SnapshotTests;
			productReference = 11C223562AC2496B006D18F4 /* SnapshotTests.xctest */;
			productType = "com.apple.product-type.bundle.unit-test";
		};
		11E4F0B92B1B98570051D943 /* FlowSnapshotTests */ = {
			isa = PBXNativeTarget;
			buildConfigurationList = 11E4F0C02B1B98570051D943 /* Build configuration list for PBXNativeTarget "FlowSnapshotTests" */;
			buildPhases = (
				11E4F0B62B1B98570051D943 /* Sources */,
				11E4F0B72B1B98570051D943 /* Frameworks */,
				11E4F0B82B1B98570051D943 /* Resources */,
			);
			buildRules = (
			);
			dependencies = (
				11E4F0BF2B1B98570051D943 /* PBXTargetDependency */,
			);
			name = FlowSnapshotTests;
			packageProductDependencies = (
				11E4F0C32B1B98790051D943 /* SnapshotTesting */,
				11E4F0C52B1B98790051D943 /* AccessibilitySnapshot */,
				11E4F0C72B1B98790051D943 /* AccessibilitySnapshotCore */,
			);
			productName = FlowSnapshotTests;
			productReference = 11E4F0BA2B1B98570051D943 /* FlowSnapshotTests.xctest */;
			productType = "com.apple.product-type.bundle.unit-test";
		};
/* End PBXNativeTarget section */

/* Begin PBXProject section */
		1155E7672A76B2E6006F842C /* Project object */ = {
			isa = PBXProject;
			attributes = {
				BuildIndependentTargetsInParallel = 1;
				LastSwiftUpdateCheck = 1510;
				LastUpgradeCheck = 1500;
				TargetAttributes = {
					1155E76E2A76B2E6006F842C = {
						CreatedOnToolsVersion = 15.0;
					};
					11C223552AC2496B006D18F4 = {
						CreatedOnToolsVersion = 15.0;
						TestTargetID = 1155E76E2A76B2E6006F842C;
					};
					11E4F0B92B1B98570051D943 = {
						CreatedOnToolsVersion = 15.1;
						TestTargetID = 1155E76E2A76B2E6006F842C;
					};
				};
			};
			buildConfigurationList = 1155E76A2A76B2E6006F842C /* Build configuration list for PBXProject "SpeakList" */;
			compatibilityVersion = "Xcode 14.0";
			developmentRegion = en;
			hasScannedForEncodings = 0;
			knownRegions = (
				en,
				Base,
			);
			mainGroup = 1155E7662A76B2E6006F842C;
			packageReferences = (
				11C223A02AC24A76006D18F4 /* XCRemoteSwiftPackageReference "swift-snapshot-testing" */,
				11C223BB2AC24B9A006D18F4 /* XCRemoteSwiftPackageReference "swift-composable-architecture" */,
				11E4F0AE2B1A0E0A0051D943 /* XCRemoteSwiftPackageReference "AccessibilitySnapshot" */,
			);
			productRefGroup = 1155E7702A76B2E6006F842C /* Products */;
			projectDirPath = "";
			projectRoot = "";
			targets = (
				1155E76E2A76B2E6006F842C /* SpeakList */,
				11C223552AC2496B006D18F4 /* SnapshotTests */,
				11E4F0B92B1B98570051D943 /* FlowSnapshotTests */,
			);
		};
/* End PBXProject section */

/* Begin PBXResourcesBuildPhase section */
		1155E76D2A76B2E6006F842C /* Resources */ = {
			isa = PBXResourcesBuildPhase;
			buildActionMask = 2147483647;
			files = (
				1155E77A2A76B2E8006F842C /* Preview Assets.xcassets in Resources */,
				111D38192AF12AAD00026F2E /* Media.xcassets in Resources */,
				1155E7772A76B2E8006F842C /* Assets.xcassets in Resources */,
			);
			runOnlyForDeploymentPostprocessing = 0;
		};
		11C223542AC2496B006D18F4 /* Resources */ = {
			isa = PBXResourcesBuildPhase;
			buildActionMask = 2147483647;
			files = (
				111D38182AF1295300026F2E /* Media.xcassets in Resources */,
			);
			runOnlyForDeploymentPostprocessing = 0;
		};
		11E4F0B82B1B98570051D943 /* Resources */ = {
			isa = PBXResourcesBuildPhase;
			buildActionMask = 2147483647;
			files = (
			);
			runOnlyForDeploymentPostprocessing = 0;
		};
/* End PBXResourcesBuildPhase section */

/* Begin PBXShellScriptBuildPhase section */
		1194E44B2B3F27F7003FCED4 /* Run Script - Swift Format */ = {
			isa = PBXShellScriptBuildPhase;
			alwaysOutOfDate = 1;
			buildActionMask = 2147483647;
			files = (
			);
			inputFileListPaths = (
			);
			inputPaths = (
			);
			name = "Run Script - Swift Format";
			outputFileListPaths = (
			);
			outputPaths = (
			);
			runOnlyForDeploymentPostprocessing = 0;
			shellPath = /bin/sh;
			shellScript = "PATH=\"/opt/homebrew/bin:$PATH\"\nswift-format lint -r ../App ../Sources\n";
		};
/* End PBXShellScriptBuildPhase section */

/* Begin PBXSourcesBuildPhase section */
		1155E76B2A76B2E6006F842C /* Sources */ = {
			isa = PBXSourcesBuildPhase;
			buildActionMask = 2147483647;
			files = (
				1155E7732A76B2E6006F842C /* SpeakListApp.swift in Sources */,
			);
			runOnlyForDeploymentPostprocessing = 0;
		};
		11C223522AC2496B006D18F4 /* Sources */ = {
			isa = PBXSourcesBuildPhase;
			buildActionMask = 2147483647;
			files = (
				11C223972AC249D8006D18F4 /* DesignSystemTests.swift in Sources */,
				11C223962AC249D8006D18F4 /* AppFeatureSnapshotTests.swift in Sources */,
				11C223942AC249D8006D18F4 /* UIDevice+ModelName.swift in Sources */,
				11C223952AC249D8006D18F4 /* PlanFeatureSnapshotTests.swift in Sources */,
				11C223982AC249D8006D18F4 /* XCTest+AssertStandardSnapshots.swift in Sources */,
				11BD16492ADEB9C9001F29C3 /* NavigationExampleSnapshotTests.swift in Sources */,
				11C223C42AC27249006D18F4 /* SnapshotTesting+ImpreciseAccessibility.swift in Sources */,
			);
			runOnlyForDeploymentPostprocessing = 0;
		};
		11E4F0B62B1B98570051D943 /* Sources */ = {
			isa = PBXSourcesBuildPhase;
			buildActionMask = 2147483647;
			files = (
				11E4F0CA2B1B98CD0051D943 /* UIDevice+ModelName.swift in Sources */,
				11E4F0CC2B1BA0600051D943 /* FlowSnapshotTests.swift in Sources */,
				11E4F0C92B1B98890051D943 /* XCTest+AssertStandardSnapshots.swift in Sources */,
				11E4F0CD2B1BA0640051D943 /* FlowRunner.swift in Sources */,
				11E4F0CB2B1B98E70051D943 /* SnapshotTesting+ImpreciseAccessibility.swift in Sources */,
			);
			runOnlyForDeploymentPostprocessing = 0;
		};
/* End PBXSourcesBuildPhase section */

/* Begin PBXTargetDependency section */
		11C2235B2AC2496B006D18F4 /* PBXTargetDependency */ = {
			isa = PBXTargetDependency;
			target = 1155E76E2A76B2E6006F842C /* SpeakList */;
			targetProxy = 11C2235A2AC2496B006D18F4 /* PBXContainerItemProxy */;
		};
		11E4F0BF2B1B98570051D943 /* PBXTargetDependency */ = {
			isa = PBXTargetDependency;
			target = 1155E76E2A76B2E6006F842C /* SpeakList */;
			targetProxy = 11E4F0BE2B1B98570051D943 /* PBXContainerItemProxy */;
		};
/* End PBXTargetDependency section */

/* Begin XCBuildConfiguration section */
		1155E77B2A76B2E8006F842C /* Debug */ = {
			isa = XCBuildConfiguration;
			buildSettings = {
				ALWAYS_SEARCH_USER_PATHS = NO;
				ASSETCATALOG_COMPILER_GENERATE_SWIFT_ASSET_SYMBOL_EXTENSIONS = YES;
				CLANG_ANALYZER_NONNULL = YES;
				CLANG_ANALYZER_NUMBER_OBJECT_CONVERSION = YES_AGGRESSIVE;
				CLANG_CXX_LANGUAGE_STANDARD = "gnu++20";
				CLANG_ENABLE_MODULES = YES;
				CLANG_ENABLE_OBJC_ARC = YES;
				CLANG_ENABLE_OBJC_WEAK = YES;
				CLANG_WARN_BLOCK_CAPTURE_AUTORELEASING = YES;
				CLANG_WARN_BOOL_CONVERSION = YES;
				CLANG_WARN_COMMA = YES;
				CLANG_WARN_CONSTANT_CONVERSION = YES;
				CLANG_WARN_DEPRECATED_OBJC_IMPLEMENTATIONS = YES;
				CLANG_WARN_DIRECT_OBJC_ISA_USAGE = YES_ERROR;
				CLANG_WARN_DOCUMENTATION_COMMENTS = YES;
				CLANG_WARN_EMPTY_BODY = YES;
				CLANG_WARN_ENUM_CONVERSION = YES;
				CLANG_WARN_INFINITE_RECURSION = YES;
				CLANG_WARN_INT_CONVERSION = YES;
				CLANG_WARN_NON_LITERAL_NULL_CONVERSION = YES;
				CLANG_WARN_OBJC_IMPLICIT_RETAIN_SELF = YES;
				CLANG_WARN_OBJC_LITERAL_CONVERSION = YES;
				CLANG_WARN_OBJC_ROOT_CLASS = YES_ERROR;
				CLANG_WARN_QUOTED_INCLUDE_IN_FRAMEWORK_HEADER = YES;
				CLANG_WARN_RANGE_LOOP_ANALYSIS = YES;
				CLANG_WARN_STRICT_PROTOTYPES = YES;
				CLANG_WARN_SUSPICIOUS_MOVE = YES;
				CLANG_WARN_UNGUARDED_AVAILABILITY = YES_AGGRESSIVE;
				CLANG_WARN_UNREACHABLE_CODE = YES;
				CLANG_WARN__DUPLICATE_METHOD_MATCH = YES;
				COPY_PHASE_STRIP = NO;
				DEBUG_INFORMATION_FORMAT = dwarf;
				ENABLE_STRICT_OBJC_MSGSEND = YES;
				ENABLE_TESTABILITY = YES;
				ENABLE_USER_SCRIPT_SANDBOXING = YES;
				GCC_C_LANGUAGE_STANDARD = gnu17;
				GCC_DYNAMIC_NO_PIC = NO;
				GCC_NO_COMMON_BLOCKS = YES;
				GCC_OPTIMIZATION_LEVEL = 0;
				GCC_PREPROCESSOR_DEFINITIONS = (
					"DEBUG=1",
					"$(inherited)",
				);
				GCC_WARN_64_TO_32_BIT_CONVERSION = YES;
				GCC_WARN_ABOUT_RETURN_TYPE = YES_ERROR;
				GCC_WARN_UNDECLARED_SELECTOR = YES;
				GCC_WARN_UNINITIALIZED_AUTOS = YES_AGGRESSIVE;
				GCC_WARN_UNUSED_FUNCTION = YES;
				GCC_WARN_UNUSED_VARIABLE = YES;
				IPHONEOS_DEPLOYMENT_TARGET = 17.0;
				LOCALIZATION_PREFERS_STRING_CATALOGS = YES;
				MTL_ENABLE_DEBUG_INFO = INCLUDE_SOURCE;
				MTL_FAST_MATH = YES;
				ONLY_ACTIVE_ARCH = YES;
				SDKROOT = iphoneos;
				SWIFT_ACTIVE_COMPILATION_CONDITIONS = "DEBUG $(inherited)";
				SWIFT_OPTIMIZATION_LEVEL = "-Onone";
			};
			name = Debug;
		};
		1155E77C2A76B2E8006F842C /* Release */ = {
			isa = XCBuildConfiguration;
			buildSettings = {
				ALWAYS_SEARCH_USER_PATHS = NO;
				ASSETCATALOG_COMPILER_GENERATE_SWIFT_ASSET_SYMBOL_EXTENSIONS = YES;
				CLANG_ANALYZER_NONNULL = YES;
				CLANG_ANALYZER_NUMBER_OBJECT_CONVERSION = YES_AGGRESSIVE;
				CLANG_CXX_LANGUAGE_STANDARD = "gnu++20";
				CLANG_ENABLE_MODULES = YES;
				CLANG_ENABLE_OBJC_ARC = YES;
				CLANG_ENABLE_OBJC_WEAK = YES;
				CLANG_WARN_BLOCK_CAPTURE_AUTORELEASING = YES;
				CLANG_WARN_BOOL_CONVERSION = YES;
				CLANG_WARN_COMMA = YES;
				CLANG_WARN_CONSTANT_CONVERSION = YES;
				CLANG_WARN_DEPRECATED_OBJC_IMPLEMENTATIONS = YES;
				CLANG_WARN_DIRECT_OBJC_ISA_USAGE = YES_ERROR;
				CLANG_WARN_DOCUMENTATION_COMMENTS = YES;
				CLANG_WARN_EMPTY_BODY = YES;
				CLANG_WARN_ENUM_CONVERSION = YES;
				CLANG_WARN_INFINITE_RECURSION = YES;
				CLANG_WARN_INT_CONVERSION = YES;
				CLANG_WARN_NON_LITERAL_NULL_CONVERSION = YES;
				CLANG_WARN_OBJC_IMPLICIT_RETAIN_SELF = YES;
				CLANG_WARN_OBJC_LITERAL_CONVERSION = YES;
				CLANG_WARN_OBJC_ROOT_CLASS = YES_ERROR;
				CLANG_WARN_QUOTED_INCLUDE_IN_FRAMEWORK_HEADER = YES;
				CLANG_WARN_RANGE_LOOP_ANALYSIS = YES;
				CLANG_WARN_STRICT_PROTOTYPES = YES;
				CLANG_WARN_SUSPICIOUS_MOVE = YES;
				CLANG_WARN_UNGUARDED_AVAILABILITY = YES_AGGRESSIVE;
				CLANG_WARN_UNREACHABLE_CODE = YES;
				CLANG_WARN__DUPLICATE_METHOD_MATCH = YES;
				COPY_PHASE_STRIP = NO;
				DEBUG_INFORMATION_FORMAT = "dwarf-with-dsym";
				ENABLE_NS_ASSERTIONS = NO;
				ENABLE_STRICT_OBJC_MSGSEND = YES;
				ENABLE_USER_SCRIPT_SANDBOXING = YES;
				GCC_C_LANGUAGE_STANDARD = gnu17;
				GCC_NO_COMMON_BLOCKS = YES;
				GCC_WARN_64_TO_32_BIT_CONVERSION = YES;
				GCC_WARN_ABOUT_RETURN_TYPE = YES_ERROR;
				GCC_WARN_UNDECLARED_SELECTOR = YES;
				GCC_WARN_UNINITIALIZED_AUTOS = YES_AGGRESSIVE;
				GCC_WARN_UNUSED_FUNCTION = YES;
				GCC_WARN_UNUSED_VARIABLE = YES;
				IPHONEOS_DEPLOYMENT_TARGET = 17.0;
				LOCALIZATION_PREFERS_STRING_CATALOGS = YES;
				MTL_ENABLE_DEBUG_INFO = NO;
				MTL_FAST_MATH = YES;
				SDKROOT = iphoneos;
				SWIFT_COMPILATION_MODE = wholemodule;
				VALIDATE_PRODUCT = YES;
			};
			name = Release;
		};
		1155E77E2A76B2E8006F842C /* Debug */ = {
			isa = XCBuildConfiguration;
			buildSettings = {
				ASSETCATALOG_COMPILER_APPICON_NAME = AppIcon;
				ASSETCATALOG_COMPILER_GLOBAL_ACCENT_COLOR_NAME = AccentColor;
				CODE_SIGN_STYLE = Automatic;
				CURRENT_PROJECT_VERSION = 1;
				DEVELOPMENT_ASSET_PATHS = "\"SpeakList/Preview Content\"";
				DEVELOPMENT_TEAM = 3NUBUGRL3Z;
				ENABLE_PREVIEWS = YES;
				ENABLE_USER_SCRIPT_SANDBOXING = NO;
				GENERATE_INFOPLIST_FILE = YES;
				INFOPLIST_FILE = SpeakList/Info.plist;
				INFOPLIST_KEY_NSMicrophoneUsageDescription = Meow;
				INFOPLIST_KEY_NSSpeechRecognitionUsageDescription = Meow;
				INFOPLIST_KEY_UIApplicationSceneManifest_Generation = YES;
				INFOPLIST_KEY_UIApplicationSupportsIndirectInputEvents = YES;
				INFOPLIST_KEY_UILaunchScreen_Generation = YES;
				INFOPLIST_KEY_UISupportedInterfaceOrientations_iPad = "UIInterfaceOrientationPortrait UIInterfaceOrientationPortraitUpsideDown UIInterfaceOrientationLandscapeLeft UIInterfaceOrientationLandscapeRight";
				INFOPLIST_KEY_UISupportedInterfaceOrientations_iPhone = "UIInterfaceOrientationPortrait UIInterfaceOrientationLandscapeLeft UIInterfaceOrientationLandscapeRight";
				LD_RUNPATH_SEARCH_PATHS = (
					"$(inherited)",
					"@executable_path/Frameworks",
				);
				MARKETING_VERSION = 1.0;
				PRODUCT_BUNDLE_IDENTIFIER = org.brunow.SpeakList;
				PRODUCT_NAME = "$(TARGET_NAME)";
				SWIFT_EMIT_LOC_STRINGS = YES;
				SWIFT_STRICT_CONCURRENCY = complete;
				SWIFT_VERSION = 5.0;
				TARGETED_DEVICE_FAMILY = "1,2";
			};
			name = Debug;
		};
		1155E77F2A76B2E8006F842C /* Release */ = {
			isa = XCBuildConfiguration;
			buildSettings = {
				ASSETCATALOG_COMPILER_APPICON_NAME = AppIcon;
				ASSETCATALOG_COMPILER_GLOBAL_ACCENT_COLOR_NAME = AccentColor;
				CODE_SIGN_STYLE = Automatic;
				CURRENT_PROJECT_VERSION = 1;
				DEVELOPMENT_ASSET_PATHS = "\"SpeakList/Preview Content\"";
				DEVELOPMENT_TEAM = 3NUBUGRL3Z;
				ENABLE_PREVIEWS = YES;
				ENABLE_USER_SCRIPT_SANDBOXING = NO;
				GENERATE_INFOPLIST_FILE = YES;
				INFOPLIST_FILE = SpeakList/Info.plist;
				INFOPLIST_KEY_NSMicrophoneUsageDescription = Meow;
				INFOPLIST_KEY_NSSpeechRecognitionUsageDescription = Meow;
				INFOPLIST_KEY_UIApplicationSceneManifest_Generation = YES;
				INFOPLIST_KEY_UIApplicationSupportsIndirectInputEvents = YES;
				INFOPLIST_KEY_UILaunchScreen_Generation = YES;
				INFOPLIST_KEY_UISupportedInterfaceOrientations_iPad = "UIInterfaceOrientationPortrait UIInterfaceOrientationPortraitUpsideDown UIInterfaceOrientationLandscapeLeft UIInterfaceOrientationLandscapeRight";
				INFOPLIST_KEY_UISupportedInterfaceOrientations_iPhone = "UIInterfaceOrientationPortrait UIInterfaceOrientationLandscapeLeft UIInterfaceOrientationLandscapeRight";
				LD_RUNPATH_SEARCH_PATHS = (
					"$(inherited)",
					"@executable_path/Frameworks",
				);
				MARKETING_VERSION = 1.0;
				PRODUCT_BUNDLE_IDENTIFIER = org.brunow.SpeakList;
				PRODUCT_NAME = "$(TARGET_NAME)";
				SWIFT_EMIT_LOC_STRINGS = YES;
				SWIFT_STRICT_CONCURRENCY = complete;
				SWIFT_VERSION = 5.0;
				TARGETED_DEVICE_FAMILY = "1,2";
			};
			name = Release;
		};
		11C2235D2AC2496B006D18F4 /* Debug */ = {
			isa = XCBuildConfiguration;
			buildSettings = {
				BUNDLE_LOADER = "$(TEST_HOST)";
				CODE_SIGN_STYLE = Automatic;
				CURRENT_PROJECT_VERSION = 1;
				GENERATE_INFOPLIST_FILE = YES;
				MARKETING_VERSION = 1.0;
				PRODUCT_BUNDLE_IDENTIFIER = org.brunow.SnapshotTests;
				PRODUCT_NAME = "$(TARGET_NAME)";
				SWIFT_EMIT_LOC_STRINGS = NO;
				SWIFT_VERSION = 5.0;
				TARGETED_DEVICE_FAMILY = "1,2";
				TEST_HOST = "$(BUILT_PRODUCTS_DIR)/SpeakList.app/$(BUNDLE_EXECUTABLE_FOLDER_PATH)/SpeakList";
			};
			name = Debug;
		};
		11C2235E2AC2496B006D18F4 /* Release */ = {
			isa = XCBuildConfiguration;
			buildSettings = {
				BUNDLE_LOADER = "$(TEST_HOST)";
				CODE_SIGN_STYLE = Automatic;
				CURRENT_PROJECT_VERSION = 1;
				GENERATE_INFOPLIST_FILE = YES;
				MARKETING_VERSION = 1.0;
				PRODUCT_BUNDLE_IDENTIFIER = org.brunow.SnapshotTests;
				PRODUCT_NAME = "$(TARGET_NAME)";
				SWIFT_EMIT_LOC_STRINGS = NO;
				SWIFT_VERSION = 5.0;
				TARGETED_DEVICE_FAMILY = "1,2";
				TEST_HOST = "$(BUILT_PRODUCTS_DIR)/SpeakList.app/$(BUNDLE_EXECUTABLE_FOLDER_PATH)/SpeakList";
			};
			name = Release;
		};
		11E4F0C12B1B98570051D943 /* Debug */ = {
			isa = XCBuildConfiguration;
			buildSettings = {
				BUNDLE_LOADER = "$(TEST_HOST)";
				CODE_SIGN_STYLE = Automatic;
				CURRENT_PROJECT_VERSION = 1;
				GENERATE_INFOPLIST_FILE = YES;
				IPHONEOS_DEPLOYMENT_TARGET = 17.0;
				MARKETING_VERSION = 1.0;
				PRODUCT_BUNDLE_IDENTIFIER = com.example.FlowSnapshotTests;
				PRODUCT_NAME = "$(TARGET_NAME)";
				SWIFT_EMIT_LOC_STRINGS = NO;
				SWIFT_VERSION = 5.0;
				TARGETED_DEVICE_FAMILY = "1,2";
				TEST_HOST = "$(BUILT_PRODUCTS_DIR)/SpeakList.app/$(BUNDLE_EXECUTABLE_FOLDER_PATH)/SpeakList";
			};
			name = Debug;
		};
		11E4F0C22B1B98570051D943 /* Release */ = {
			isa = XCBuildConfiguration;
			buildSettings = {
				BUNDLE_LOADER = "$(TEST_HOST)";
				CODE_SIGN_STYLE = Automatic;
				CURRENT_PROJECT_VERSION = 1;
				GENERATE_INFOPLIST_FILE = YES;
				IPHONEOS_DEPLOYMENT_TARGET = 17.0;
				MARKETING_VERSION = 1.0;
				PRODUCT_BUNDLE_IDENTIFIER = com.example.FlowSnapshotTests;
				PRODUCT_NAME = "$(TARGET_NAME)";
				SWIFT_EMIT_LOC_STRINGS = NO;
				SWIFT_VERSION = 5.0;
				TARGETED_DEVICE_FAMILY = "1,2";
				TEST_HOST = "$(BUILT_PRODUCTS_DIR)/SpeakList.app/$(BUNDLE_EXECUTABLE_FOLDER_PATH)/SpeakList";
			};
			name = Release;
		};
/* End XCBuildConfiguration section */

/* Begin XCConfigurationList section */
		1155E76A2A76B2E6006F842C /* Build configuration list for PBXProject "SpeakList" */ = {
			isa = XCConfigurationList;
			buildConfigurations = (
				1155E77B2A76B2E8006F842C /* Debug */,
				1155E77C2A76B2E8006F842C /* Release */,
			);
			defaultConfigurationIsVisible = 0;
			defaultConfigurationName = Release;
		};
		1155E77D2A76B2E8006F842C /* Build configuration list for PBXNativeTarget "SpeakList" */ = {
			isa = XCConfigurationList;
			buildConfigurations = (
				1155E77E2A76B2E8006F842C /* Debug */,
				1155E77F2A76B2E8006F842C /* Release */,
			);
			defaultConfigurationIsVisible = 0;
			defaultConfigurationName = Release;
		};
		11C2235C2AC2496B006D18F4 /* Build configuration list for PBXNativeTarget "SnapshotTests" */ = {
			isa = XCConfigurationList;
			buildConfigurations = (
				11C2235D2AC2496B006D18F4 /* Debug */,
				11C2235E2AC2496B006D18F4 /* Release */,
			);
			defaultConfigurationIsVisible = 0;
			defaultConfigurationName = Release;
		};
		11E4F0C02B1B98570051D943 /* Build configuration list for PBXNativeTarget "FlowSnapshotTests" */ = {
			isa = XCConfigurationList;
			buildConfigurations = (
				11E4F0C12B1B98570051D943 /* Debug */,
				11E4F0C22B1B98570051D943 /* Release */,
			);
			defaultConfigurationIsVisible = 0;
			defaultConfigurationName = Release;
		};
/* End XCConfigurationList section */

/* Begin XCRemoteSwiftPackageReference section */
		11C223A02AC24A76006D18F4 /* XCRemoteSwiftPackageReference "swift-snapshot-testing" */ = {
			isa = XCRemoteSwiftPackageReference;
			repositoryURL = "https://github.com/pointfreeco/swift-snapshot-testing.git";
			requirement = {
				kind = upToNextMajorVersion;
				minimumVersion = 1.13.0;
			};
		};
		11C223BB2AC24B9A006D18F4 /* XCRemoteSwiftPackageReference "swift-composable-architecture" */ = {
			isa = XCRemoteSwiftPackageReference;
			repositoryURL = "https://github.com/pointfreeco/swift-composable-architecture.git";
			requirement = {
				branch = "observation-beta";
				kind = branch;
			};
		};
		11E4F0AE2B1A0E0A0051D943 /* XCRemoteSwiftPackageReference "AccessibilitySnapshot" */ = {
			isa = XCRemoteSwiftPackageReference;
			repositoryURL = "https://github.com/DavidBrunow/AccessibilitySnapshot.git";
			requirement = {
				branch = bugfix/navigationStackSortOrder;
				kind = branch;
			};
		};
/* End XCRemoteSwiftPackageReference section */

/* Begin XCSwiftPackageProductDependency section */
		112BD7772A8CFA4800394CF6 /* AVAudioEngineClient */ = {
			isa = XCSwiftPackageProductDependency;
			productName = AVAudioEngineClient;
		};
		112BD7792A8CFA4800394CF6 /* AVSpeechSynthesizerClient */ = {
			isa = XCSwiftPackageProductDependency;
			productName = AVSpeechSynthesizerClient;
		};
		112BD77B2A8CFA4800394CF6 /* AppFeature */ = {
			isa = XCSwiftPackageProductDependency;
			productName = AppFeature;
		};
		112BD77D2A8CFA4800394CF6 /* DesignSystem */ = {
			isa = XCSwiftPackageProductDependency;
			productName = DesignSystem;
		};
		112BD77F2A8CFA4800394CF6 /* GroceryStoresClient */ = {
			isa = XCSwiftPackageProductDependency;
			productName = GroceryStoresClient;
		};
		11C223A32AC24A76006D18F4 /* SnapshotTesting */ = {
			isa = XCSwiftPackageProductDependency;
			package = 11C223A02AC24A76006D18F4 /* XCRemoteSwiftPackageReference "swift-snapshot-testing" */;
			productName = SnapshotTesting;
		};
		11E4F0AF2B1A0E0A0051D943 /* AccessibilitySnapshot */ = {
			isa = XCSwiftPackageProductDependency;
			package = 11E4F0AE2B1A0E0A0051D943 /* XCRemoteSwiftPackageReference "AccessibilitySnapshot" */;
			productName = AccessibilitySnapshot;
		};
		11E4F0B12B1A0E0A0051D943 /* AccessibilitySnapshotCore */ = {
			isa = XCSwiftPackageProductDependency;
			package = 11E4F0AE2B1A0E0A0051D943 /* XCRemoteSwiftPackageReference "AccessibilitySnapshot" */;
			productName = AccessibilitySnapshotCore;
		};
		11E4F0C32B1B98790051D943 /* SnapshotTesting */ = {
			isa = XCSwiftPackageProductDependency;
			package = 11C223A02AC24A76006D18F4 /* XCRemoteSwiftPackageReference "swift-snapshot-testing" */;
			productName = SnapshotTesting;
		};
		11E4F0C52B1B98790051D943 /* AccessibilitySnapshot */ = {
			isa = XCSwiftPackageProductDependency;
			package = 11E4F0AE2B1A0E0A0051D943 /* XCRemoteSwiftPackageReference "AccessibilitySnapshot" */;
			productName = AccessibilitySnapshot;
		};
		11E4F0C72B1B98790051D943 /* AccessibilitySnapshotCore */ = {
			isa = XCSwiftPackageProductDependency;
			package = 11E4F0AE2B1A0E0A0051D943 /* XCRemoteSwiftPackageReference "AccessibilitySnapshot" */;
			productName = AccessibilitySnapshotCore;
		};
/* End XCSwiftPackageProductDependency section */
	};
	rootObject = 1155E7672A76B2E6006F842C /* Project object */;
}
