// !$*UTF8*$!
{
	archiveVersion = 1;
	classes = {
	};
	objectVersion = 56;
	objects = {

/* Begin PBXBuildFile section */
		110094ED2A77CCF1008040F1 /* PlanFeature.swift in Sources */ = {isa = PBXBuildFile; fileRef = 110094EC2A77CCF1008040F1 /* PlanFeature.swift */; };
		11064B9C2A7704CC0049B7F1 /* ShopFeature.swift in Sources */ = {isa = PBXBuildFile; fileRef = 11064B9B2A7704CC0049B7F1 /* ShopFeature.swift */; };
		1120D53C2A7702C800A20688 /* AVSpeechSynthesizerClient.swift in Sources */ = {isa = PBXBuildFile; fileRef = 1120D53B2A7702C800A20688 /* AVSpeechSynthesizerClient.swift */; };
		112828E92A76C02B0073C418 /* SFSpeechRecognizerClient.swift in Sources */ = {isa = PBXBuildFile; fileRef = 112828E82A76C02A0073C418 /* SFSpeechRecognizerClient.swift */; };
		112828EB2A76D7790073C418 /* AVAudioEngineClient.swift in Sources */ = {isa = PBXBuildFile; fileRef = 112828EA2A76D7790073C418 /* AVAudioEngineClient.swift */; };
		11346F4A2A77CC9C00738D5E /* PlanView.swift in Sources */ = {isa = PBXBuildFile; fileRef = 11346F492A77CC9C00738D5E /* PlanView.swift */; };
		114A260C2A77D1DE00771CCC /* ItemFormView.swift in Sources */ = {isa = PBXBuildFile; fileRef = 114A260A2A77D1DE00771CCC /* ItemFormView.swift */; };
		114A260D2A77D1DE00771CCC /* ItemFormFeature.swift in Sources */ = {isa = PBXBuildFile; fileRef = 114A260B2A77D1DE00771CCC /* ItemFormFeature.swift */; };
		1154F4BC2A7BD5BA009C04F6 /* ListItem.swift in Sources */ = {isa = PBXBuildFile; fileRef = 1154F4BB2A7BD5BA009C04F6 /* ListItem.swift */; };
		1155E7732A76B2E6006F842C /* SpeakListApp.swift in Sources */ = {isa = PBXBuildFile; fileRef = 1155E7722A76B2E6006F842C /* SpeakListApp.swift */; };
		1155E7752A76B2E6006F842C /* ShopView.swift in Sources */ = {isa = PBXBuildFile; fileRef = 1155E7742A76B2E6006F842C /* ShopView.swift */; };
		1155E7772A76B2E8006F842C /* Assets.xcassets in Resources */ = {isa = PBXBuildFile; fileRef = 1155E7762A76B2E8006F842C /* Assets.xcassets */; };
		1155E77A2A76B2E8006F842C /* Preview Assets.xcassets in Resources */ = {isa = PBXBuildFile; fileRef = 1155E7792A76B2E8006F842C /* Preview Assets.xcassets */; };
		1155E7822A76B330006F842C /* ComposableArchitecture in Frameworks */ = {isa = PBXBuildFile; productRef = 1155E7812A76B330006F842C /* ComposableArchitecture */; };
		117063732A7BD82B003285DB /* StoresView.swift in Sources */ = {isa = PBXBuildFile; fileRef = 117063712A7BD82B003285DB /* StoresView.swift */; };
		117063742A7BD82B003285DB /* StoresFeature.swift in Sources */ = {isa = PBXBuildFile; fileRef = 117063722A7BD82B003285DB /* StoresFeature.swift */; };
		1194A0792A7BD65E006EB723 /* GroceryStoreLocation.swift in Sources */ = {isa = PBXBuildFile; fileRef = 1194A0762A7BD65E006EB723 /* GroceryStoreLocation.swift */; };
		1194A07A2A7BD65E006EB723 /* GroceryStore.swift in Sources */ = {isa = PBXBuildFile; fileRef = 1194A0772A7BD65E006EB723 /* GroceryStore.swift */; };
		1194A07B2A7BD65E006EB723 /* Location.swift in Sources */ = {isa = PBXBuildFile; fileRef = 1194A0782A7BD65E006EB723 /* Location.swift */; };
/* End PBXBuildFile section */

/* Begin PBXFileReference section */
		110094EC2A77CCF1008040F1 /* PlanFeature.swift */ = {isa = PBXFileReference; fileEncoding = 4; lastKnownFileType = sourcecode.swift; path = PlanFeature.swift; sourceTree = "<group>"; };
		11064B9B2A7704CC0049B7F1 /* ShopFeature.swift */ = {isa = PBXFileReference; fileEncoding = 4; lastKnownFileType = sourcecode.swift; path = ShopFeature.swift; sourceTree = "<group>"; };
		1120D53B2A7702C800A20688 /* AVSpeechSynthesizerClient.swift */ = {isa = PBXFileReference; fileEncoding = 4; lastKnownFileType = sourcecode.swift; path = AVSpeechSynthesizerClient.swift; sourceTree = "<group>"; };
		112828E82A76C02A0073C418 /* SFSpeechRecognizerClient.swift */ = {isa = PBXFileReference; fileEncoding = 4; lastKnownFileType = sourcecode.swift; path = SFSpeechRecognizerClient.swift; sourceTree = "<group>"; };
		112828EA2A76D7790073C418 /* AVAudioEngineClient.swift */ = {isa = PBXFileReference; lastKnownFileType = sourcecode.swift; path = AVAudioEngineClient.swift; sourceTree = "<group>"; };
		11346F492A77CC9C00738D5E /* PlanView.swift */ = {isa = PBXFileReference; fileEncoding = 4; lastKnownFileType = sourcecode.swift; path = PlanView.swift; sourceTree = "<group>"; };
		114A260A2A77D1DE00771CCC /* ItemFormView.swift */ = {isa = PBXFileReference; fileEncoding = 4; lastKnownFileType = sourcecode.swift; path = ItemFormView.swift; sourceTree = "<group>"; };
		114A260B2A77D1DE00771CCC /* ItemFormFeature.swift */ = {isa = PBXFileReference; fileEncoding = 4; lastKnownFileType = sourcecode.swift; path = ItemFormFeature.swift; sourceTree = "<group>"; };
		1154F4BB2A7BD5BA009C04F6 /* ListItem.swift */ = {isa = PBXFileReference; fileEncoding = 4; lastKnownFileType = sourcecode.swift; path = ListItem.swift; sourceTree = "<group>"; };
		1155E76F2A76B2E6006F842C /* SpeakList.app */ = {isa = PBXFileReference; explicitFileType = wrapper.application; includeInIndex = 0; path = SpeakList.app; sourceTree = BUILT_PRODUCTS_DIR; };
		1155E7722A76B2E6006F842C /* SpeakListApp.swift */ = {isa = PBXFileReference; lastKnownFileType = sourcecode.swift; path = SpeakListApp.swift; sourceTree = "<group>"; };
		1155E7742A76B2E6006F842C /* ShopView.swift */ = {isa = PBXFileReference; lastKnownFileType = sourcecode.swift; path = ShopView.swift; sourceTree = "<group>"; };
		1155E7762A76B2E8006F842C /* Assets.xcassets */ = {isa = PBXFileReference; lastKnownFileType = folder.assetcatalog; path = Assets.xcassets; sourceTree = "<group>"; };
		1155E7792A76B2E8006F842C /* Preview Assets.xcassets */ = {isa = PBXFileReference; lastKnownFileType = folder.assetcatalog; path = "Preview Assets.xcassets"; sourceTree = "<group>"; };
		117063712A7BD82B003285DB /* StoresView.swift */ = {isa = PBXFileReference; fileEncoding = 4; lastKnownFileType = sourcecode.swift; path = StoresView.swift; sourceTree = "<group>"; };
		117063722A7BD82B003285DB /* StoresFeature.swift */ = {isa = PBXFileReference; fileEncoding = 4; lastKnownFileType = sourcecode.swift; path = StoresFeature.swift; sourceTree = "<group>"; };
		1194A0762A7BD65E006EB723 /* GroceryStoreLocation.swift */ = {isa = PBXFileReference; fileEncoding = 4; lastKnownFileType = sourcecode.swift; path = GroceryStoreLocation.swift; sourceTree = "<group>"; };
		1194A0772A7BD65E006EB723 /* GroceryStore.swift */ = {isa = PBXFileReference; fileEncoding = 4; lastKnownFileType = sourcecode.swift; path = GroceryStore.swift; sourceTree = "<group>"; };
		1194A0782A7BD65E006EB723 /* Location.swift */ = {isa = PBXFileReference; fileEncoding = 4; lastKnownFileType = sourcecode.swift; path = Location.swift; sourceTree = "<group>"; };
/* End PBXFileReference section */

/* Begin PBXFrameworksBuildPhase section */
		1155E76C2A76B2E6006F842C /* Frameworks */ = {
			isa = PBXFrameworksBuildPhase;
			buildActionMask = 2147483647;
			files = (
				1155E7822A76B330006F842C /* ComposableArchitecture in Frameworks */,
			);
			runOnlyForDeploymentPostprocessing = 0;
		};
/* End PBXFrameworksBuildPhase section */

/* Begin PBXGroup section */
		1154F4BD2A7BD5E6009C04F6 /* Model */ = {
			isa = PBXGroup;
			children = (
				1194A0772A7BD65E006EB723 /* GroceryStore.swift */,
				1194A0762A7BD65E006EB723 /* GroceryStoreLocation.swift */,
				1194A0782A7BD65E006EB723 /* Location.swift */,
				1154F4BB2A7BD5BA009C04F6 /* ListItem.swift */,
			);
			path = Model;
			sourceTree = "<group>";
		};
		1155E7662A76B2E6006F842C = {
			isa = PBXGroup;
			children = (
				1155E7712A76B2E6006F842C /* SpeakList */,
				1155E7702A76B2E6006F842C /* Products */,
			);
			sourceTree = "<group>";
		};
		1155E7702A76B2E6006F842C /* Products */ = {
			isa = PBXGroup;
			children = (
				1155E76F2A76B2E6006F842C /* SpeakList.app */,
			);
			name = Products;
			sourceTree = "<group>";
		};
		1155E7712A76B2E6006F842C /* SpeakList */ = {
			isa = PBXGroup;
			children = (
				1194A0812A7BD7D5006EB723 /* AVAudioEngineClient */,
				1194A07F2A7BD7BC006EB723 /* AVSpeechSynthesizerClient */,
				1194A0802A7BD7C7006EB723 /* SFSpeechRecognizerClient */,
				1194A07C2A7BD785006EB723 /* ItemFormFeature */,
				1194A07D2A7BD793006EB723 /* PlanFeature */,
				1194A07E2A7BD7A6006EB723 /* ShopFeature */,
				1194A0822A7BD7EC006EB723 /* StoresFeature */,
				1154F4BD2A7BD5E6009C04F6 /* Model */,
				1155E7722A76B2E6006F842C /* SpeakListApp.swift */,
				1155E7762A76B2E8006F842C /* Assets.xcassets */,
				1155E7782A76B2E8006F842C /* Preview Content */,
			);
			path = SpeakList;
			sourceTree = "<group>";
		};
		1155E7782A76B2E8006F842C /* Preview Content */ = {
			isa = PBXGroup;
			children = (
				1155E7792A76B2E8006F842C /* Preview Assets.xcassets */,
			);
			path = "Preview Content";
			sourceTree = "<group>";
		};
		1194A07C2A7BD785006EB723 /* ItemFormFeature */ = {
			isa = PBXGroup;
			children = (
				114A260B2A77D1DE00771CCC /* ItemFormFeature.swift */,
				114A260A2A77D1DE00771CCC /* ItemFormView.swift */,
			);
			path = ItemFormFeature;
			sourceTree = "<group>";
		};
		1194A07D2A7BD793006EB723 /* PlanFeature */ = {
			isa = PBXGroup;
			children = (
				110094EC2A77CCF1008040F1 /* PlanFeature.swift */,
				11346F492A77CC9C00738D5E /* PlanView.swift */,
			);
			path = PlanFeature;
			sourceTree = "<group>";
		};
		1194A07E2A7BD7A6006EB723 /* ShopFeature */ = {
			isa = PBXGroup;
			children = (
				11064B9B2A7704CC0049B7F1 /* ShopFeature.swift */,
				1155E7742A76B2E6006F842C /* ShopView.swift */,
			);
			path = ShopFeature;
			sourceTree = "<group>";
		};
		1194A07F2A7BD7BC006EB723 /* AVSpeechSynthesizerClient */ = {
			isa = PBXGroup;
			children = (
				1120D53B2A7702C800A20688 /* AVSpeechSynthesizerClient.swift */,
			);
			path = AVSpeechSynthesizerClient;
			sourceTree = "<group>";
		};
		1194A0802A7BD7C7006EB723 /* SFSpeechRecognizerClient */ = {
			isa = PBXGroup;
			children = (
				112828E82A76C02A0073C418 /* SFSpeechRecognizerClient.swift */,
			);
			path = SFSpeechRecognizerClient;
			sourceTree = "<group>";
		};
		1194A0812A7BD7D5006EB723 /* AVAudioEngineClient */ = {
			isa = PBXGroup;
			children = (
				112828EA2A76D7790073C418 /* AVAudioEngineClient.swift */,
			);
			path = AVAudioEngineClient;
			sourceTree = "<group>";
		};
		1194A0822A7BD7EC006EB723 /* StoresFeature */ = {
			isa = PBXGroup;
			children = (
				117063722A7BD82B003285DB /* StoresFeature.swift */,
				117063712A7BD82B003285DB /* StoresView.swift */,
			);
			path = StoresFeature;
			sourceTree = "<group>";
		};
/* End PBXGroup section */

/* Begin PBXNativeTarget section */
		1155E76E2A76B2E6006F842C /* SpeakList */ = {
			isa = PBXNativeTarget;
			buildConfigurationList = 1155E77D2A76B2E8006F842C /* Build configuration list for PBXNativeTarget "SpeakList" */;
			buildPhases = (
				1155E76B2A76B2E6006F842C /* Sources */,
				1155E76C2A76B2E6006F842C /* Frameworks */,
				1155E76D2A76B2E6006F842C /* Resources */,
			);
			buildRules = (
			);
			dependencies = (
			);
			name = SpeakList;
			packageProductDependencies = (
				1155E7812A76B330006F842C /* ComposableArchitecture */,
			);
			productName = SpeakList;
			productReference = 1155E76F2A76B2E6006F842C /* SpeakList.app */;
			productType = "com.apple.product-type.application";
		};
/* End PBXNativeTarget section */

/* Begin PBXProject section */
		1155E7672A76B2E6006F842C /* Project object */ = {
			isa = PBXProject;
			attributes = {
				BuildIndependentTargetsInParallel = 1;
				LastSwiftUpdateCheck = 1500;
				LastUpgradeCheck = 1500;
				TargetAttributes = {
					1155E76E2A76B2E6006F842C = {
						CreatedOnToolsVersion = 15.0;
					};
				};
			};
			buildConfigurationList = 1155E76A2A76B2E6006F842C /* Build configuration list for PBXProject "SpeakList" */;
			compatibilityVersion = "Xcode 14.0";
			developmentRegion = en;
			hasScannedForEncodings = 0;
			knownRegions = (
				en,
				Base,
			);
			mainGroup = 1155E7662A76B2E6006F842C;
			packageReferences = (
				1155E7802A76B330006F842C /* XCRemoteSwiftPackageReference "swift-composable-architecture" */,
			);
			productRefGroup = 1155E7702A76B2E6006F842C /* Products */;
			projectDirPath = "";
			projectRoot = "";
			targets = (
				1155E76E2A76B2E6006F842C /* SpeakList */,
			);
		};
/* End PBXProject section */

/* Begin PBXResourcesBuildPhase section */
		1155E76D2A76B2E6006F842C /* Resources */ = {
			isa = PBXResourcesBuildPhase;
			buildActionMask = 2147483647;
			files = (
				1155E77A2A76B2E8006F842C /* Preview Assets.xcassets in Resources */,
				1155E7772A76B2E8006F842C /* Assets.xcassets in Resources */,
			);
			runOnlyForDeploymentPostprocessing = 0;
		};
/* End PBXResourcesBuildPhase section */

/* Begin PBXSourcesBuildPhase section */
		1155E76B2A76B2E6006F842C /* Sources */ = {
			isa = PBXSourcesBuildPhase;
			buildActionMask = 2147483647;
			files = (
				11064B9C2A7704CC0049B7F1 /* ShopFeature.swift in Sources */,
				112828E92A76C02B0073C418 /* SFSpeechRecognizerClient.swift in Sources */,
				1155E7752A76B2E6006F842C /* ShopView.swift in Sources */,
				11346F4A2A77CC9C00738D5E /* PlanView.swift in Sources */,
				1154F4BC2A7BD5BA009C04F6 /* ListItem.swift in Sources */,
				110094ED2A77CCF1008040F1 /* PlanFeature.swift in Sources */,
				1194A07B2A7BD65E006EB723 /* Location.swift in Sources */,
				1194A0792A7BD65E006EB723 /* GroceryStoreLocation.swift in Sources */,
				112828EB2A76D7790073C418 /* AVAudioEngineClient.swift in Sources */,
				1120D53C2A7702C800A20688 /* AVSpeechSynthesizerClient.swift in Sources */,
				117063742A7BD82B003285DB /* StoresFeature.swift in Sources */,
				114A260D2A77D1DE00771CCC /* ItemFormFeature.swift in Sources */,
				1194A07A2A7BD65E006EB723 /* GroceryStore.swift in Sources */,
				117063732A7BD82B003285DB /* StoresView.swift in Sources */,
				114A260C2A77D1DE00771CCC /* ItemFormView.swift in Sources */,
				1155E7732A76B2E6006F842C /* SpeakListApp.swift in Sources */,
			);
			runOnlyForDeploymentPostprocessing = 0;
		};
/* End PBXSourcesBuildPhase section */

/* Begin XCBuildConfiguration section */
		1155E77B2A76B2E8006F842C /* Debug */ = {
			isa = XCBuildConfiguration;
			buildSettings = {
				ALWAYS_SEARCH_USER_PATHS = NO;
				ASSETCATALOG_COMPILER_GENERATE_SWIFT_ASSET_SYMBOL_EXTENSIONS = YES;
				CLANG_ANALYZER_NONNULL = YES;
				CLANG_ANALYZER_NUMBER_OBJECT_CONVERSION = YES_AGGRESSIVE;
				CLANG_CXX_LANGUAGE_STANDARD = "gnu++20";
				CLANG_ENABLE_MODULES = YES;
				CLANG_ENABLE_OBJC_ARC = YES;
				CLANG_ENABLE_OBJC_WEAK = YES;
				CLANG_WARN_BLOCK_CAPTURE_AUTORELEASING = YES;
				CLANG_WARN_BOOL_CONVERSION = YES;
				CLANG_WARN_COMMA = YES;
				CLANG_WARN_CONSTANT_CONVERSION = YES;
				CLANG_WARN_DEPRECATED_OBJC_IMPLEMENTATIONS = YES;
				CLANG_WARN_DIRECT_OBJC_ISA_USAGE = YES_ERROR;
				CLANG_WARN_DOCUMENTATION_COMMENTS = YES;
				CLANG_WARN_EMPTY_BODY = YES;
				CLANG_WARN_ENUM_CONVERSION = YES;
				CLANG_WARN_INFINITE_RECURSION = YES;
				CLANG_WARN_INT_CONVERSION = YES;
				CLANG_WARN_NON_LITERAL_NULL_CONVERSION = YES;
				CLANG_WARN_OBJC_IMPLICIT_RETAIN_SELF = YES;
				CLANG_WARN_OBJC_LITERAL_CONVERSION = YES;
				CLANG_WARN_OBJC_ROOT_CLASS = YES_ERROR;
				CLANG_WARN_QUOTED_INCLUDE_IN_FRAMEWORK_HEADER = YES;
				CLANG_WARN_RANGE_LOOP_ANALYSIS = YES;
				CLANG_WARN_STRICT_PROTOTYPES = YES;
				CLANG_WARN_SUSPICIOUS_MOVE = YES;
				CLANG_WARN_UNGUARDED_AVAILABILITY = YES_AGGRESSIVE;
				CLANG_WARN_UNREACHABLE_CODE = YES;
				CLANG_WARN__DUPLICATE_METHOD_MATCH = YES;
				COPY_PHASE_STRIP = NO;
				DEBUG_INFORMATION_FORMAT = dwarf;
				ENABLE_STRICT_OBJC_MSGSEND = YES;
				ENABLE_TESTABILITY = YES;
				ENABLE_USER_SCRIPT_SANDBOXING = YES;
				GCC_C_LANGUAGE_STANDARD = gnu17;
				GCC_DYNAMIC_NO_PIC = NO;
				GCC_NO_COMMON_BLOCKS = YES;
				GCC_OPTIMIZATION_LEVEL = 0;
				GCC_PREPROCESSOR_DEFINITIONS = (
					"DEBUG=1",
					"$(inherited)",
				);
				GCC_WARN_64_TO_32_BIT_CONVERSION = YES;
				GCC_WARN_ABOUT_RETURN_TYPE = YES_ERROR;
				GCC_WARN_UNDECLARED_SELECTOR = YES;
				GCC_WARN_UNINITIALIZED_AUTOS = YES_AGGRESSIVE;
				GCC_WARN_UNUSED_FUNCTION = YES;
				GCC_WARN_UNUSED_VARIABLE = YES;
				IPHONEOS_DEPLOYMENT_TARGET = 17.0;
				LOCALIZATION_PREFERS_STRING_CATALOGS = YES;
				MTL_ENABLE_DEBUG_INFO = INCLUDE_SOURCE;
				MTL_FAST_MATH = YES;
				ONLY_ACTIVE_ARCH = YES;
				SDKROOT = iphoneos;
				SWIFT_ACTIVE_COMPILATION_CONDITIONS = "DEBUG $(inherited)";
				SWIFT_OPTIMIZATION_LEVEL = "-Onone";
			};
			name = Debug;
		};
		1155E77C2A76B2E8006F842C /* Release */ = {
			isa = XCBuildConfiguration;
			buildSettings = {
				ALWAYS_SEARCH_USER_PATHS = NO;
				ASSETCATALOG_COMPILER_GENERATE_SWIFT_ASSET_SYMBOL_EXTENSIONS = YES;
				CLANG_ANALYZER_NONNULL = YES;
				CLANG_ANALYZER_NUMBER_OBJECT_CONVERSION = YES_AGGRESSIVE;
				CLANG_CXX_LANGUAGE_STANDARD = "gnu++20";
				CLANG_ENABLE_MODULES = YES;
				CLANG_ENABLE_OBJC_ARC = YES;
				CLANG_ENABLE_OBJC_WEAK = YES;
				CLANG_WARN_BLOCK_CAPTURE_AUTORELEASING = YES;
				CLANG_WARN_BOOL_CONVERSION = YES;
				CLANG_WARN_COMMA = YES;
				CLANG_WARN_CONSTANT_CONVERSION = YES;
				CLANG_WARN_DEPRECATED_OBJC_IMPLEMENTATIONS = YES;
				CLANG_WARN_DIRECT_OBJC_ISA_USAGE = YES_ERROR;
				CLANG_WARN_DOCUMENTATION_COMMENTS = YES;
				CLANG_WARN_EMPTY_BODY = YES;
				CLANG_WARN_ENUM_CONVERSION = YES;
				CLANG_WARN_INFINITE_RECURSION = YES;
				CLANG_WARN_INT_CONVERSION = YES;
				CLANG_WARN_NON_LITERAL_NULL_CONVERSION = YES;
				CLANG_WARN_OBJC_IMPLICIT_RETAIN_SELF = YES;
				CLANG_WARN_OBJC_LITERAL_CONVERSION = YES;
				CLANG_WARN_OBJC_ROOT_CLASS = YES_ERROR;
				CLANG_WARN_QUOTED_INCLUDE_IN_FRAMEWORK_HEADER = YES;
				CLANG_WARN_RANGE_LOOP_ANALYSIS = YES;
				CLANG_WARN_STRICT_PROTOTYPES = YES;
				CLANG_WARN_SUSPICIOUS_MOVE = YES;
				CLANG_WARN_UNGUARDED_AVAILABILITY = YES_AGGRESSIVE;
				CLANG_WARN_UNREACHABLE_CODE = YES;
				CLANG_WARN__DUPLICATE_METHOD_MATCH = YES;
				COPY_PHASE_STRIP = NO;
				DEBUG_INFORMATION_FORMAT = "dwarf-with-dsym";
				ENABLE_NS_ASSERTIONS = NO;
				ENABLE_STRICT_OBJC_MSGSEND = YES;
				ENABLE_USER_SCRIPT_SANDBOXING = YES;
				GCC_C_LANGUAGE_STANDARD = gnu17;
				GCC_NO_COMMON_BLOCKS = YES;
				GCC_WARN_64_TO_32_BIT_CONVERSION = YES;
				GCC_WARN_ABOUT_RETURN_TYPE = YES_ERROR;
				GCC_WARN_UNDECLARED_SELECTOR = YES;
				GCC_WARN_UNINITIALIZED_AUTOS = YES_AGGRESSIVE;
				GCC_WARN_UNUSED_FUNCTION = YES;
				GCC_WARN_UNUSED_VARIABLE = YES;
				IPHONEOS_DEPLOYMENT_TARGET = 17.0;
				LOCALIZATION_PREFERS_STRING_CATALOGS = YES;
				MTL_ENABLE_DEBUG_INFO = NO;
				MTL_FAST_MATH = YES;
				SDKROOT = iphoneos;
				SWIFT_COMPILATION_MODE = wholemodule;
				VALIDATE_PRODUCT = YES;
			};
			name = Release;
		};
		1155E77E2A76B2E8006F842C /* Debug */ = {
			isa = XCBuildConfiguration;
			buildSettings = {
				ASSETCATALOG_COMPILER_APPICON_NAME = AppIcon;
				ASSETCATALOG_COMPILER_GLOBAL_ACCENT_COLOR_NAME = AccentColor;
				CODE_SIGN_STYLE = Automatic;
				CURRENT_PROJECT_VERSION = 1;
				DEVELOPMENT_ASSET_PATHS = "\"SpeakList/Preview Content\"";
				DEVELOPMENT_TEAM = 3NUBUGRL3Z;
				ENABLE_PREVIEWS = YES;
				GENERATE_INFOPLIST_FILE = YES;
				INFOPLIST_KEY_NSMicrophoneUsageDescription = Meow;
				INFOPLIST_KEY_NSSpeechRecognitionUsageDescription = Meow;
				INFOPLIST_KEY_UIApplicationSceneManifest_Generation = YES;
				INFOPLIST_KEY_UIApplicationSupportsIndirectInputEvents = YES;
				INFOPLIST_KEY_UILaunchScreen_Generation = YES;
				INFOPLIST_KEY_UISupportedInterfaceOrientations_iPad = "UIInterfaceOrientationPortrait UIInterfaceOrientationPortraitUpsideDown UIInterfaceOrientationLandscapeLeft UIInterfaceOrientationLandscapeRight";
				INFOPLIST_KEY_UISupportedInterfaceOrientations_iPhone = "UIInterfaceOrientationPortrait UIInterfaceOrientationLandscapeLeft UIInterfaceOrientationLandscapeRight";
				LD_RUNPATH_SEARCH_PATHS = (
					"$(inherited)",
					"@executable_path/Frameworks",
				);
				MARKETING_VERSION = 1.0;
				PRODUCT_BUNDLE_IDENTIFIER = org.brunow.SpeakList;
				PRODUCT_NAME = "$(TARGET_NAME)";
				SWIFT_EMIT_LOC_STRINGS = YES;
				SWIFT_VERSION = 5.0;
				TARGETED_DEVICE_FAMILY = "1,2";
			};
			name = Debug;
		};
		1155E77F2A76B2E8006F842C /* Release */ = {
			isa = XCBuildConfiguration;
			buildSettings = {
				ASSETCATALOG_COMPILER_APPICON_NAME = AppIcon;
				ASSETCATALOG_COMPILER_GLOBAL_ACCENT_COLOR_NAME = AccentColor;
				CODE_SIGN_STYLE = Automatic;
				CURRENT_PROJECT_VERSION = 1;
				DEVELOPMENT_ASSET_PATHS = "\"SpeakList/Preview Content\"";
				DEVELOPMENT_TEAM = 3NUBUGRL3Z;
				ENABLE_PREVIEWS = YES;
				GENERATE_INFOPLIST_FILE = YES;
				INFOPLIST_KEY_NSMicrophoneUsageDescription = Meow;
				INFOPLIST_KEY_NSSpeechRecognitionUsageDescription = Meow;
				INFOPLIST_KEY_UIApplicationSceneManifest_Generation = YES;
				INFOPLIST_KEY_UIApplicationSupportsIndirectInputEvents = YES;
				INFOPLIST_KEY_UILaunchScreen_Generation = YES;
				INFOPLIST_KEY_UISupportedInterfaceOrientations_iPad = "UIInterfaceOrientationPortrait UIInterfaceOrientationPortraitUpsideDown UIInterfaceOrientationLandscapeLeft UIInterfaceOrientationLandscapeRight";
				INFOPLIST_KEY_UISupportedInterfaceOrientations_iPhone = "UIInterfaceOrientationPortrait UIInterfaceOrientationLandscapeLeft UIInterfaceOrientationLandscapeRight";
				LD_RUNPATH_SEARCH_PATHS = (
					"$(inherited)",
					"@executable_path/Frameworks",
				);
				MARKETING_VERSION = 1.0;
				PRODUCT_BUNDLE_IDENTIFIER = org.brunow.SpeakList;
				PRODUCT_NAME = "$(TARGET_NAME)";
				SWIFT_EMIT_LOC_STRINGS = YES;
				SWIFT_VERSION = 5.0;
				TARGETED_DEVICE_FAMILY = "1,2";
			};
			name = Release;
		};
/* End XCBuildConfiguration section */

/* Begin XCConfigurationList section */
		1155E76A2A76B2E6006F842C /* Build configuration list for PBXProject "SpeakList" */ = {
			isa = XCConfigurationList;
			buildConfigurations = (
				1155E77B2A76B2E8006F842C /* Debug */,
				1155E77C2A76B2E8006F842C /* Release */,
			);
			defaultConfigurationIsVisible = 0;
			defaultConfigurationName = Release;
		};
		1155E77D2A76B2E8006F842C /* Build configuration list for PBXNativeTarget "SpeakList" */ = {
			isa = XCConfigurationList;
			buildConfigurations = (
				1155E77E2A76B2E8006F842C /* Debug */,
				1155E77F2A76B2E8006F842C /* Release */,
			);
			defaultConfigurationIsVisible = 0;
			defaultConfigurationName = Release;
		};
/* End XCConfigurationList section */

/* Begin XCRemoteSwiftPackageReference section */
		1155E7802A76B330006F842C /* XCRemoteSwiftPackageReference "swift-composable-architecture" */ = {
			isa = XCRemoteSwiftPackageReference;
			repositoryURL = "https://github.com/pointfreeco/swift-composable-architecture.git";
			requirement = {
				branch = release/1.0;
				kind = branch;
			};
		};
/* End XCRemoteSwiftPackageReference section */

/* Begin XCSwiftPackageProductDependency section */
		1155E7812A76B330006F842C /* ComposableArchitecture */ = {
			isa = XCSwiftPackageProductDependency;
			package = 1155E7802A76B330006F842C /* XCRemoteSwiftPackageReference "swift-composable-architecture" */;
			productName = ComposableArchitecture;
		};
/* End XCSwiftPackageProductDependency section */
	};
	rootObject = 1155E7672A76B2E6006F842C /* Project object */;
}
